// !$*UTF8*$!
{
	archiveVersion = 1;
	classes = {
	};
	objectVersion = 46;
	objects = {

/* Begin PBXBuildFile section */
		2080F3F08D1FF47232CDAD18 /* libPods-Github Jobs.a in Frameworks */ = {isa = PBXBuildFile; fileRef = 7AC6D936CD40A6546BEC8822 /* libPods-Github Jobs.a */; };
		EB7600BC1A7244810020B779 /* main.m in Sources */ = {isa = PBXBuildFile; fileRef = EB7600BB1A7244810020B779 /* main.m */; };
		EB7600BF1A7244810020B779 /* AppDelegate.m in Sources */ = {isa = PBXBuildFile; fileRef = EB7600BE1A7244810020B779 /* AppDelegate.m */; };
		EB7600C21A7244810020B779 /* ViewController.m in Sources */ = {isa = PBXBuildFile; fileRef = EB7600C11A7244810020B779 /* ViewController.m */; };
		EB7600C51A7244810020B779 /* Main.storyboard in Resources */ = {isa = PBXBuildFile; fileRef = EB7600C31A7244810020B779 /* Main.storyboard */; };
		EB7600C71A7244810020B779 /* Images.xcassets in Resources */ = {isa = PBXBuildFile; fileRef = EB7600C61A7244810020B779 /* Images.xcassets */; };
		EB7600CA1A7244810020B779 /* LaunchScreen.xib in Resources */ = {isa = PBXBuildFile; fileRef = EB7600C81A7244810020B779 /* LaunchScreen.xib */; };
		EB7600D61A7244810020B779 /* Github_JobsTests.m in Sources */ = {isa = PBXBuildFile; fileRef = EB7600D51A7244810020B779 /* Github_JobsTests.m */; };
		EB7600E11A724F4C0020B779 /* PCSTableViewController.m in Sources */ = {isa = PBXBuildFile; fileRef = EB7600E01A724F4C0020B779 /* PCSTableViewController.m */; };
/* End PBXBuildFile section */

/* Begin PBXContainerItemProxy section */
		EB7600D01A7244810020B779 /* PBXContainerItemProxy */ = {
			isa = PBXContainerItemProxy;
			containerPortal = EB7600AE1A7244800020B779 /* Project object */;
			proxyType = 1;
			remoteGlobalIDString = EB7600B51A7244800020B779;
			remoteInfo = "Github Jobs";
		};
/* End PBXContainerItemProxy section */

/* Begin PBXFileReference section */
		7AC6D936CD40A6546BEC8822 /* libPods-Github Jobs.a */ = {isa = PBXFileReference; explicitFileType = archive.ar; includeInIndex = 0; path = "libPods-Github Jobs.a"; sourceTree = BUILT_PRODUCTS_DIR; };
		BA6DAC21AC7AC71C14133B5B /* Pods-Github Jobs.debug.xcconfig */ = {isa = PBXFileReference; includeInIndex = 1; lastKnownFileType = text.xcconfig; name = "Pods-Github Jobs.debug.xcconfig"; path = "Pods/Target Support Files/Pods-Github Jobs/Pods-Github Jobs.debug.xcconfig"; sourceTree = "<group>"; };
		C7C0B20D5B4E99F0CF89B280 /* Pods-Github Jobs.release.xcconfig */ = {isa = PBXFileReference; includeInIndex = 1; lastKnownFileType = text.xcconfig; name = "Pods-Github Jobs.release.xcconfig"; path = "Pods/Target Support Files/Pods-Github Jobs/Pods-Github Jobs.release.xcconfig"; sourceTree = "<group>"; };
		EB7600B61A7244810020B779 /* Github Jobs.app */ = {isa = PBXFileReference; explicitFileType = wrapper.application; includeInIndex = 0; path = "Github Jobs.app"; sourceTree = BUILT_PRODUCTS_DIR; };
		EB7600BA1A7244810020B779 /* Info.plist */ = {isa = PBXFileReference; lastKnownFileType = text.plist.xml; path = Info.plist; sourceTree = "<group>"; };
		EB7600BB1A7244810020B779 /* main.m */ = {isa = PBXFileReference; lastKnownFileType = sourcecode.c.objc; path = main.m; sourceTree = "<group>"; };
		EB7600BD1A7244810020B779 /* AppDelegate.h */ = {isa = PBXFileReference; lastKnownFileType = sourcecode.c.h; path = AppDelegate.h; sourceTree = "<group>"; };
		EB7600BE1A7244810020B779 /* AppDelegate.m */ = {isa = PBXFileReference; lastKnownFileType = sourcecode.c.objc; path = AppDelegate.m; sourceTree = "<group>"; };
		EB7600C01A7244810020B779 /* ViewController.h */ = {isa = PBXFileReference; lastKnownFileType = sourcecode.c.h; path = ViewController.h; sourceTree = "<group>"; };
		EB7600C11A7244810020B779 /* ViewController.m */ = {isa = PBXFileReference; lastKnownFileType = sourcecode.c.objc; path = ViewController.m; sourceTree = "<group>"; };
		EB7600C41A7244810020B779 /* Base */ = {isa = PBXFileReference; lastKnownFileType = file.storyboard; name = Base; path = Base.lproj/Main.storyboard; sourceTree = "<group>"; };
		EB7600C61A7244810020B779 /* Images.xcassets */ = {isa = PBXFileReference; lastKnownFileType = folder.assetcatalog; path = Images.xcassets; sourceTree = "<group>"; };
		EB7600C91A7244810020B779 /* Base */ = {isa = PBXFileReference; lastKnownFileType = file.xib; name = Base; path = Base.lproj/LaunchScreen.xib; sourceTree = "<group>"; };
		EB7600CF1A7244810020B779 /* Github JobsTests.xctest */ = {isa = PBXFileReference; explicitFileType = wrapper.cfbundle; includeInIndex = 0; path = "Github JobsTests.xctest"; sourceTree = BUILT_PRODUCTS_DIR; };
		EB7600D41A7244810020B779 /* Info.plist */ = {isa = PBXFileReference; lastKnownFileType = text.plist.xml; path = Info.plist; sourceTree = "<group>"; };
		EB7600D51A7244810020B779 /* Github_JobsTests.m */ = {isa = PBXFileReference; lastKnownFileType = sourcecode.c.objc; path = Github_JobsTests.m; sourceTree = "<group>"; };
		EB7600DF1A724F4C0020B779 /* PCSTableViewController.h */ = {isa = PBXFileReference; fileEncoding = 4; lastKnownFileType = sourcecode.c.h; path = PCSTableViewController.h; sourceTree = "<group>"; };
		EB7600E01A724F4C0020B779 /* PCSTableViewController.m */ = {isa = PBXFileReference; fileEncoding = 4; lastKnownFileType = sourcecode.c.objc; path = PCSTableViewController.m; sourceTree = "<group>"; };
/* End PBXFileReference section */

/* Begin PBXFrameworksBuildPhase section */
		EB7600B31A7244800020B779 /* Frameworks */ = {
			isa = PBXFrameworksBuildPhase;
			buildActionMask = 2147483647;
			files = (
				2080F3F08D1FF47232CDAD18 /* libPods-Github Jobs.a in Frameworks */,
			);
			runOnlyForDeploymentPostprocessing = 0;
		};
		EB7600CC1A7244810020B779 /* Frameworks */ = {
			isa = PBXFrameworksBuildPhase;
			buildActionMask = 2147483647;
			files = (
			);
			runOnlyForDeploymentPostprocessing = 0;
		};
/* End PBXFrameworksBuildPhase section */

/* Begin PBXGroup section */
		A1F1A59603C4A7FD72E82C55 /* Pods */ = {
			isa = PBXGroup;
			children = (
				BA6DAC21AC7AC71C14133B5B /* Pods-Github Jobs.debug.xcconfig */,
				C7C0B20D5B4E99F0CF89B280 /* Pods-Github Jobs.release.xcconfig */,
			);
			name = Pods;
			sourceTree = "<group>";
		};
		C053FB32B44B8F55EC6D8BF7 /* Frameworks */ = {
			isa = PBXGroup;
			children = (
				7AC6D936CD40A6546BEC8822 /* libPods-Github Jobs.a */,
			);
			name = Frameworks;
			sourceTree = "<group>";
		};
		EB7600AD1A7244800020B779 = {
			isa = PBXGroup;
			children = (
				EB7600B81A7244810020B779 /* Github Jobs */,
				EB7600D21A7244810020B779 /* Github JobsTests */,
				EB7600B71A7244810020B779 /* Products */,
				A1F1A59603C4A7FD72E82C55 /* Pods */,
				C053FB32B44B8F55EC6D8BF7 /* Frameworks */,
			);
			sourceTree = "<group>";
		};
		EB7600B71A7244810020B779 /* Products */ = {
			isa = PBXGroup;
			children = (
				EB7600B61A7244810020B779 /* Github Jobs.app */,
				EB7600CF1A7244810020B779 /* Github JobsTests.xctest */,
			);
			name = Products;
			sourceTree = "<group>";
		};
		EB7600B81A7244810020B779 /* Github Jobs */ = {
			isa = PBXGroup;
			children = (
				EB7600BD1A7244810020B779 /* AppDelegate.h */,
				EB7600BE1A7244810020B779 /* AppDelegate.m */,
				EB7600DF1A724F4C0020B779 /* PCSTableViewController.h */,
				EB7600E01A724F4C0020B779 /* PCSTableViewController.m */,
				EB7600C01A7244810020B779 /* ViewController.h */,
				EB7600C11A7244810020B779 /* ViewController.m */,
				EB7600C31A7244810020B779 /* Main.storyboard */,
				EB7600C61A7244810020B779 /* Images.xcassets */,
				EB7600C81A7244810020B779 /* LaunchScreen.xib */,
				EB7600B91A7244810020B779 /* Supporting Files */,
			);
			path = "Github Jobs";
			sourceTree = "<group>";
		};
		EB7600B91A7244810020B779 /* Supporting Files */ = {
			isa = PBXGroup;
			children = (
				EB7600BA1A7244810020B779 /* Info.plist */,
				EB7600BB1A7244810020B779 /* main.m */,
			);
			name = "Supporting Files";
			sourceTree = "<group>";
		};
		EB7600D21A7244810020B779 /* Github JobsTests */ = {
			isa = PBXGroup;
			children = (
				EB7600D51A7244810020B779 /* Github_JobsTests.m */,
				EB7600D31A7244810020B779 /* Supporting Files */,
			);
			path = "Github JobsTests";
			sourceTree = "<group>";
		};
		EB7600D31A7244810020B779 /* Supporting Files */ = {
			isa = PBXGroup;
			children = (
				EB7600D41A7244810020B779 /* Info.plist */,
			);
			name = "Supporting Files";
			sourceTree = "<group>";
		};
/* End PBXGroup section */

/* Begin PBXNativeTarget section */
		EB7600B51A7244800020B779 /* Github Jobs */ = {
			isa = PBXNativeTarget;
			buildConfigurationList = EB7600D91A7244810020B779 /* Build configuration list for PBXNativeTarget "Github Jobs" */;
			buildPhases = (
				EB10EF261A76669F007882A5 /* Set the build number to git commits count */,
				6553BB840D56F63C96CA7670 /* Check Pods Manifest.lock */,
				EB7600B21A7244800020B779 /* Sources */,
				EB7600B31A7244800020B779 /* Frameworks */,
				EB7600B41A7244800020B779 /* Resources */,
				D17206A00CF0C581D0A769BF /* Copy Pods Resources */,
				EB10EF271A76693B007882A5 /* ShellScript */,
			);
			buildRules = (
			);
			dependencies = (
			);
			name = "Github Jobs";
			productName = "Github Jobs";
			productReference = EB7600B61A7244810020B779 /* Github Jobs.app */;
			productType = "com.apple.product-type.application";
		};
		EB7600CE1A7244810020B779 /* Github JobsTests */ = {
			isa = PBXNativeTarget;
			buildConfigurationList = EB7600DC1A7244810020B779 /* Build configuration list for PBXNativeTarget "Github JobsTests" */;
			buildPhases = (
				EB7600CB1A7244810020B779 /* Sources */,
				EB7600CC1A7244810020B779 /* Frameworks */,
				EB7600CD1A7244810020B779 /* Resources */,
			);
			buildRules = (
			);
			dependencies = (
				EB7600D11A7244810020B779 /* PBXTargetDependency */,
			);
			name = "Github JobsTests";
			productName = "Github JobsTests";
			productReference = EB7600CF1A7244810020B779 /* Github JobsTests.xctest */;
			productType = "com.apple.product-type.bundle.unit-test";
		};
/* End PBXNativeTarget section */

/* Begin PBXProject section */
		EB7600AE1A7244800020B779 /* Project object */ = {
			isa = PBXProject;
			attributes = {
				LastUpgradeCheck = 0610;
				ORGANIZATIONNAME = EPCTracker;
				TargetAttributes = {
					EB7600B51A7244800020B779 = {
						CreatedOnToolsVersion = 6.1.1;
					};
					EB7600CE1A7244810020B779 = {
						CreatedOnToolsVersion = 6.1.1;
						TestTargetID = EB7600B51A7244800020B779;
					};
				};
			};
			buildConfigurationList = EB7600B11A7244800020B779 /* Build configuration list for PBXProject "Github Jobs" */;
			compatibilityVersion = "Xcode 3.2";
			developmentRegion = English;
			hasScannedForEncodings = 0;
			knownRegions = (
				en,
				Base,
			);
			mainGroup = EB7600AD1A7244800020B779;
			productRefGroup = EB7600B71A7244810020B779 /* Products */;
			projectDirPath = "";
			projectRoot = "";
			targets = (
				EB7600B51A7244800020B779 /* Github Jobs */,
				EB7600CE1A7244810020B779 /* Github JobsTests */,
			);
		};
/* End PBXProject section */

/* Begin PBXResourcesBuildPhase section */
		EB7600B41A7244800020B779 /* Resources */ = {
			isa = PBXResourcesBuildPhase;
			buildActionMask = 2147483647;
			files = (
				EB7600C51A7244810020B779 /* Main.storyboard in Resources */,
				EB7600CA1A7244810020B779 /* LaunchScreen.xib in Resources */,
				EB7600C71A7244810020B779 /* Images.xcassets in Resources */,
			);
			runOnlyForDeploymentPostprocessing = 0;
		};
		EB7600CD1A7244810020B779 /* Resources */ = {
			isa = PBXResourcesBuildPhase;
			buildActionMask = 2147483647;
			files = (
			);
			runOnlyForDeploymentPostprocessing = 0;
		};
/* End PBXResourcesBuildPhase section */

/* Begin PBXShellScriptBuildPhase section */
		6553BB840D56F63C96CA7670 /* Check Pods Manifest.lock */ = {
			isa = PBXShellScriptBuildPhase;
			buildActionMask = 2147483647;
			files = (
			);
			inputPaths = (
			);
			name = "Check Pods Manifest.lock";
			outputPaths = (
			);
			runOnlyForDeploymentPostprocessing = 0;
			shellPath = /bin/sh;
			shellScript = "diff \"${PODS_ROOT}/../Podfile.lock\" \"${PODS_ROOT}/Manifest.lock\" > /dev/null\nif [[ $? != 0 ]] ; then\n    cat << EOM\nerror: The sandbox is not in sync with the Podfile.lock. Run 'pod install' or update your CocoaPods installation.\nEOM\n    exit 1\nfi\n";
			showEnvVarsInLog = 0;
		};
		D17206A00CF0C581D0A769BF /* Copy Pods Resources */ = {
			isa = PBXShellScriptBuildPhase;
			buildActionMask = 2147483647;
			files = (
			);
			inputPaths = (
			);
			name = "Copy Pods Resources";
			outputPaths = (
			);
			runOnlyForDeploymentPostprocessing = 0;
			shellPath = /bin/sh;
			shellScript = "\"${SRCROOT}/Pods/Target Support Files/Pods-Github Jobs/Pods-Github Jobs-resources.sh\"\n";
			showEnvVarsInLog = 0;
		};
		EB10EF261A76669F007882A5 /* Set the build number to git commits count */ = {
			isa = PBXShellScriptBuildPhase;
			buildActionMask = 2147483647;
			files = (
			);
			inputPaths = (
			);
			name = "Set the build number to git commits count";
			outputPaths = (
			);
			runOnlyForDeploymentPostprocessing = 0;
			shellPath = /bin/sh;
			shellScript = "# Set the build number to the count of Git commits\nbuildNumber=$(git rev-list HEAD | wc -l | tr -d ' ')\n/usr/libexec/PlistBuddy -c \"Set :CFBundleVersion $buildNumber\" \"${INFOPLIST_FILE}\"";
		};
		EB10EF271A76693B007882A5 /* ShellScript */ = {
			isa = PBXShellScriptBuildPhase;
			buildActionMask = 2147483647;
			files = (
			);
			inputPaths = (
			);
			outputPaths = (
			);
			runOnlyForDeploymentPostprocessing = 0;
			shellPath = /bin/sh;
			shellScript = "# Set the build number to \"DEVELOPMENT\"\n/usr/libexec/PlistBuddy -c \"Set :CFBundleVersion DEVELOPMENT\" \"${INFOPLIST_FILE}\"";
		};
/* End PBXShellScriptBuildPhase section */

/* Begin PBXSourcesBuildPhase section */
		EB7600B21A7244800020B779 /* Sources */ = {
			isa = PBXSourcesBuildPhase;
			buildActionMask = 2147483647;
			files = (
				EB7600E11A724F4C0020B779 /* PCSTableViewController.m in Sources */,
				EB7600C21A7244810020B779 /* ViewController.m in Sources */,
				EB7600BF1A7244810020B779 /* AppDelegate.m in Sources */,
				EB7600BC1A7244810020B779 /* main.m in Sources */,
			);
			runOnlyForDeploymentPostprocessing = 0;
		};
		EB7600CB1A7244810020B779 /* Sources */ = {
			isa = PBXSourcesBuildPhase;
			buildActionMask = 2147483647;
			files = (
				EB7600D61A7244810020B779 /* Github_JobsTests.m in Sources */,
			);
			runOnlyForDeploymentPostprocessing = 0;
		};
/* End PBXSourcesBuildPhase section */

/* Begin PBXTargetDependency section */
		EB7600D11A7244810020B779 /* PBXTargetDependency */ = {
			isa = PBXTargetDependency;
			target = EB7600B51A7244800020B779 /* Github Jobs */;
			targetProxy = EB7600D01A7244810020B779 /* PBXContainerItemProxy */;
		};
/* End PBXTargetDependency section */

/* Begin PBXVariantGroup section */
		EB7600C31A7244810020B779 /* Main.storyboard */ = {
			isa = PBXVariantGroup;
			children = (
				EB7600C41A7244810020B779 /* Base */,
			);
			name = Main.storyboard;
			sourceTree = "<group>";
		};
		EB7600C81A7244810020B779 /* LaunchScreen.xib */ = {
			isa = PBXVariantGroup;
			children = (
				EB7600C91A7244810020B779 /* Base */,
			);
			name = LaunchScreen.xib;
			sourceTree = "<group>";
		};
/* End PBXVariantGroup section */

/* Begin XCBuildConfiguration section */
		EB2C4B211A72AB6D00E635D0 /* AdHoc */ = {
			isa = XCBuildConfiguration;
			buildSettings = {
				ALWAYS_SEARCH_USER_PATHS = NO;
				CLANG_CXX_LANGUAGE_STANDARD = "gnu++0x";
				CLANG_CXX_LIBRARY = "libc++";
				CLANG_ENABLE_MODULES = YES;
				CLANG_ENABLE_OBJC_ARC = YES;
				CLANG_WARN_BOOL_CONVERSION = YES;
				CLANG_WARN_CONSTANT_CONVERSION = YES;
				CLANG_WARN_DIRECT_OBJC_ISA_USAGE = YES_ERROR;
				CLANG_WARN_EMPTY_BODY = YES;
				CLANG_WARN_ENUM_CONVERSION = YES;
				CLANG_WARN_INT_CONVERSION = YES;
				CLANG_WARN_OBJC_ROOT_CLASS = YES_ERROR;
				CLANG_WARN_UNREACHABLE_CODE = YES;
				CLANG_WARN__DUPLICATE_METHOD_MATCH = YES;
				"CODE_SIGN_IDENTITY[sdk=iphoneos*]" = "iPhone Developer";
				COPY_PHASE_STRIP = NO;
				CURRENT_PROJECT_VERSION = 1.2.3;
				ENABLE_STRICT_OBJC_MSGSEND = YES;
				GCC_C_LANGUAGE_STANDARD = gnu99;
				GCC_DYNAMIC_NO_PIC = NO;
				GCC_OPTIMIZATION_LEVEL = 0;
				GCC_PREPROCESSOR_DEFINITIONS = (
					"DEBUG=1",
					"$(inherited)",
				);
				GCC_SYMBOLS_PRIVATE_EXTERN = NO;
				GCC_WARN_64_TO_32_BIT_CONVERSION = YES;
				GCC_WARN_ABOUT_RETURN_TYPE = YES_ERROR;
				GCC_WARN_UNDECLARED_SELECTOR = YES;
				GCC_WARN_UNINITIALIZED_AUTOS = YES_AGGRESSIVE;
				GCC_WARN_UNUSED_FUNCTION = YES;
				GCC_WARN_UNUSED_VARIABLE = YES;
				GITHUB_JOBS_ENDPOINT = "https://github-jobs.mycompany.com/positions.json";
				IPHONEOS_DEPLOYMENT_TARGET = 8.1;
				MTL_ENABLE_DEBUG_INFO = YES;
				ONLY_ACTIVE_ARCH = NO;
				SDKROOT = iphoneos;
				TARGETED_DEVICE_FAMILY = 2;
				VERSIONING_SYSTEM = "apple-generic";
			};
			name = AdHoc;
		};
		EB2C4B221A72AB6D00E635D0 /* AdHoc */ = {
			isa = XCBuildConfiguration;
			baseConfigurationReference = BA6DAC21AC7AC71C14133B5B /* Pods-Github Jobs.debug.xcconfig */;
			buildSettings = {
				ASSETCATALOG_COMPILER_APPICON_NAME = AppIcon;
				INFOPLIST_FILE = "Github Jobs/Info.plist";
				LD_RUNPATH_SEARCH_PATHS = "$(inherited) @executable_path/Frameworks";
				PRODUCT_NAME = "$(TARGET_NAME)";
			};
			name = AdHoc;
		};
		EB2C4B231A72AB6D00E635D0 /* AdHoc */ = {
			isa = XCBuildConfiguration;
			buildSettings = {
				BUNDLE_LOADER = "$(TEST_HOST)";
				FRAMEWORK_SEARCH_PATHS = (
					"$(SDKROOT)/Developer/Library/Frameworks",
					"$(inherited)",
				);
				GCC_PREPROCESSOR_DEFINITIONS = (
					"DEBUG=1",
					"$(inherited)",
				);
				INFOPLIST_FILE = "Github JobsTests/Info.plist";
				LD_RUNPATH_SEARCH_PATHS = "$(inherited) @executable_path/Frameworks @loader_path/Frameworks";
				PRODUCT_NAME = "$(TARGET_NAME)";
				TEST_HOST = "$(BUILT_PRODUCTS_DIR)/Github Jobs.app/Github Jobs";
			};
			name = AdHoc;
		};
		EB7600D71A7244810020B779 /* Debug */ = {
			isa = XCBuildConfiguration;
			buildSettings = {
				ALWAYS_SEARCH_USER_PATHS = NO;
				CLANG_CXX_LANGUAGE_STANDARD = "gnu++0x";
				CLANG_CXX_LIBRARY = "libc++";
				CLANG_ENABLE_MODULES = YES;
				CLANG_ENABLE_OBJC_ARC = YES;
				CLANG_WARN_BOOL_CONVERSION = YES;
				CLANG_WARN_CONSTANT_CONVERSION = YES;
				CLANG_WARN_DIRECT_OBJC_ISA_USAGE = YES_ERROR;
				CLANG_WARN_EMPTY_BODY = YES;
				CLANG_WARN_ENUM_CONVERSION = YES;
				CLANG_WARN_INT_CONVERSION = YES;
				CLANG_WARN_OBJC_ROOT_CLASS = YES_ERROR;
				CLANG_WARN_UNREACHABLE_CODE = YES;
				CLANG_WARN__DUPLICATE_METHOD_MATCH = YES;
				"CODE_SIGN_IDENTITY[sdk=iphoneos*]" = "iPhone Developer";
				COPY_PHASE_STRIP = NO;
				CURRENT_PROJECT_VERSION = 1.2.3;
				ENABLE_STRICT_OBJC_MSGSEND = YES;
				GCC_C_LANGUAGE_STANDARD = gnu99;
				GCC_DYNAMIC_NO_PIC = NO;
				GCC_OPTIMIZATION_LEVEL = 0;
				GCC_PREPROCESSOR_DEFINITIONS = (
					"DEBUG=1",
					"$(inherited)",
				);
				GCC_SYMBOLS_PRIVATE_EXTERN = NO;
				GCC_WARN_64_TO_32_BIT_CONVERSION = YES;
				GCC_WARN_ABOUT_RETURN_TYPE = YES_ERROR;
				GCC_WARN_UNDECLARED_SELECTOR = YES;
				GCC_WARN_UNINITIALIZED_AUTOS = YES_AGGRESSIVE;
				GCC_WARN_UNUSED_FUNCTION = YES;
				GCC_WARN_UNUSED_VARIABLE = YES;
				GITHUB_JOBS_ENDPOINT = "http://127.0.0.1:9000/positions.json";
				IPHONEOS_DEPLOYMENT_TARGET = 8.1;
				MTL_ENABLE_DEBUG_INFO = YES;
				ONLY_ACTIVE_ARCH = YES;
				SDKROOT = iphoneos;
				TARGETED_DEVICE_FAMILY = 2;
				VERSIONING_SYSTEM = "apple-generic";
			};
			name = Debug;
		};
		EB7600D81A7244810020B779 /* Release */ = {
			isa = XCBuildConfiguration;
			buildSettings = {
				ALWAYS_SEARCH_USER_PATHS = NO;
				CLANG_CXX_LANGUAGE_STANDARD = "gnu++0x";
				CLANG_CXX_LIBRARY = "libc++";
				CLANG_ENABLE_MODULES = YES;
				CLANG_ENABLE_OBJC_ARC = YES;
				CLANG_WARN_BOOL_CONVERSION = YES;
				CLANG_WARN_CONSTANT_CONVERSION = YES;
				CLANG_WARN_DIRECT_OBJC_ISA_USAGE = YES_ERROR;
				CLANG_WARN_EMPTY_BODY = YES;
				CLANG_WARN_ENUM_CONVERSION = YES;
				CLANG_WARN_INT_CONVERSION = YES;
				CLANG_WARN_OBJC_ROOT_CLASS = YES_ERROR;
				CLANG_WARN_UNREACHABLE_CODE = YES;
				CLANG_WARN__DUPLICATE_METHOD_MATCH = YES;
				"CODE_SIGN_IDENTITY[sdk=iphoneos*]" = "iPhone Developer";
				COPY_PHASE_STRIP = YES;
				CURRENT_PROJECT_VERSION = 1.2.3;
				ENABLE_NS_ASSERTIONS = NO;
				ENABLE_STRICT_OBJC_MSGSEND = YES;
				GCC_C_LANGUAGE_STANDARD = gnu99;
				GCC_WARN_64_TO_32_BIT_CONVERSION = YES;
				GCC_WARN_ABOUT_RETURN_TYPE = YES_ERROR;
				GCC_WARN_UNDECLARED_SELECTOR = YES;
				GCC_WARN_UNINITIALIZED_AUTOS = YES_AGGRESSIVE;
				GCC_WARN_UNUSED_FUNCTION = YES;
				GCC_WARN_UNUSED_VARIABLE = YES;
				GITHUB_JOBS_ENDPOINT = "https://jobs.github.com/positions.json";
				IPHONEOS_DEPLOYMENT_TARGET = 8.1;
				MTL_ENABLE_DEBUG_INFO = NO;
				SDKROOT = iphoneos;
				TARGETED_DEVICE_FAMILY = 2;
				VALIDATE_PRODUCT = YES;
				VERSIONING_SYSTEM = "apple-generic";
			};
			name = Release;
		};
		EB7600DA1A7244810020B779 /* Debug */ = {
			isa = XCBuildConfiguration;
			baseConfigurationReference = BA6DAC21AC7AC71C14133B5B /* Pods-Github Jobs.debug.xcconfig */;
			buildSettings = {
				ASSETCATALOG_COMPILER_APPICON_NAME = AppIcon;
				INFOPLIST_FILE = "Github Jobs/Info.plist";
				LD_RUNPATH_SEARCH_PATHS = "$(inherited) @executable_path/Frameworks";
				PRODUCT_NAME = "$(TARGET_NAME)";
			};
			name = Debug;
		};
		EB7600DB1A7244810020B779 /* Release */ = {
			isa = XCBuildConfiguration;
			baseConfigurationReference = C7C0B20D5B4E99F0CF89B280 /* Pods-Github Jobs.release.xcconfig */;
			buildSettings = {
				ASSETCATALOG_COMPILER_APPICON_NAME = AppIcon;
				INFOPLIST_FILE = "Github Jobs/Info.plist";
				LD_RUNPATH_SEARCH_PATHS = "$(inherited) @executable_path/Frameworks";
				PRODUCT_NAME = "$(TARGET_NAME)";
			};
			name = Release;
		};
		EB7600DD1A7244810020B779 /* Debug */ = {
			isa = XCBuildConfiguration;
			buildSettings = {
				BUNDLE_LOADER = "$(TEST_HOST)";
				FRAMEWORK_SEARCH_PATHS = (
					"$(SDKROOT)/Developer/Library/Frameworks",
					"$(inherited)",
				);
				GCC_PREPROCESSOR_DEFINITIONS = (
					"DEBUG=1",
					"$(inherited)",
				);
				INFOPLIST_FILE = "Github JobsTests/Info.plist";
				LD_RUNPATH_SEARCH_PATHS = "$(inherited) @executable_path/Frameworks @loader_path/Frameworks";
				PRODUCT_NAME = "$(TARGET_NAME)";
				TEST_HOST = "$(BUILT_PRODUCTS_DIR)/Github Jobs.app/Github Jobs";
			};
			name = Debug;
		};
		EB7600DE1A7244810020B779 /* Release */ = {
			isa = XCBuildConfiguration;
			buildSettings = {
				BUNDLE_LOADER = "$(TEST_HOST)";
				FRAMEWORK_SEARCH_PATHS = (
					"$(SDKROOT)/Developer/Library/Frameworks",
					"$(inherited)",
				);
				INFOPLIST_FILE = "Github JobsTests/Info.plist";
				LD_RUNPATH_SEARCH_PATHS = "$(inherited) @executable_path/Frameworks @loader_path/Frameworks";
				PRODUCT_NAME = "$(TARGET_NAME)";
				TEST_HOST = "$(BUILT_PRODUCTS_DIR)/Github Jobs.app/Github Jobs";
			};
			name = Release;
		};
/* End XCBuildConfiguration section */

/* Begin XCConfigurationList section */
		EB7600B11A7244800020B779 /* Build configuration list for PBXProject "Github Jobs" */ = {
			isa = XCConfigurationList;
			buildConfigurations = (
				EB7600D71A7244810020B779 /* Debug */,
				EB2C4B211A72AB6D00E635D0 /* AdHoc */,
				EB7600D81A7244810020B779 /* Release */,
			);
			defaultConfigurationIsVisible = 0;
			defaultConfigurationName = Release;
		};
		EB7600D91A7244810020B779 /* Build configuration list for PBXNativeTarget "Github Jobs" */ = {
			isa = XCConfigurationList;
			buildConfigurations = (
				EB7600DA1A7244810020B779 /* Debug */,
				EB2C4B221A72AB6D00E635D0 /* AdHoc */,
				EB7600DB1A7244810020B779 /* Release */,
			);
			defaultConfigurationIsVisible = 0;
			defaultConfigurationName = Release;
		};
		EB7600DC1A7244810020B779 /* Build configuration list for PBXNativeTarget "Github JobsTests" */ = {
			isa = XCConfigurationList;
			buildConfigurations = (
				EB7600DD1A7244810020B779 /* Debug */,
				EB2C4B231A72AB6D00E635D0 /* AdHoc */,
				EB7600DE1A7244810020B779 /* Release */,
			);
			defaultConfigurationIsVisible = 0;
			defaultConfigurationName = Release;
		};
/* End XCConfigurationList section */
	};
	rootObject = EB7600AE1A7244800020B779 /* Project object */;
}
